// !$*UTF8*$!
{
	archiveVersion = 1;
	classes = {
	};
	objectVersion = 50;
	objects = {

/* Begin PBXBuildFile section */
		444BF63E20EA40EA004DBFA0 /* TKProxy.m in Sources */ = {isa = PBXBuildFile; fileRef = 444BF63D20EA40EA004DBFA0 /* TKProxy.m */; };
		444BF64120EB0B54004DBFA0 /* TKTimer.m in Sources */ = {isa = PBXBuildFile; fileRef = 444BF64020EB0B54004DBFA0 /* TKTimer.m */; };
		444BF64F20EB5FC3004DBFA0 /* UIWindow+Extension.m in Sources */ = {isa = PBXBuildFile; fileRef = 444BF64D20EB5FC2004DBFA0 /* UIWindow+Extension.m */; };
		444BF67220EC9716004DBFA0 /* TKDTDeviceViewController.m in Sources */ = {isa = PBXBuildFile; fileRef = 444BF67120EC9716004DBFA0 /* TKDTDeviceViewController.m */; };
		445E4B8620FDE462002A5B4C /* YYViewHierarchy3D.m in Sources */ = {isa = PBXBuildFile; fileRef = 445E4B8520FDE462002A5B4C /* YYViewHierarchy3D.m */; };
		445E4C8420FF344A002A5B4C /* TKDTCustomURLProtocol.m in Sources */ = {isa = PBXBuildFile; fileRef = 445E4C8320FF344A002A5B4C /* TKDTCustomURLProtocol.m */; };
		4470F3EE20FD96CC004D3E4C /* TKCrashHelper.m in Sources */ = {isa = PBXBuildFile; fileRef = 4470F3ED20FD96CC004D3E4C /* TKCrashHelper.m */; };
		4470F3F520FDB5C3004D3E4C /* TKCrashListViewController.m in Sources */ = {isa = PBXBuildFile; fileRef = 4470F3F420FDB5C3004D3E4C /* TKCrashListViewController.m */; };
		4470F3F820FDB828004D3E4C /* TKCrashModel.m in Sources */ = {isa = PBXBuildFile; fileRef = 4470F3F720FDB828004D3E4C /* TKCrashModel.m */; };
		4470F3FE20FDD1F1004D3E4C /* TKCrashDetailViewCell.m in Sources */ = {isa = PBXBuildFile; fileRef = 4470F3FD20FDD1F1004D3E4C /* TKCrashDetailViewCell.m */; };
		4470F40120FDD218004D3E4C /* TKCrashDetailViewController.m in Sources */ = {isa = PBXBuildFile; fileRef = 4470F40020FDD218004D3E4C /* TKCrashDetailViewController.m */; };
		447519AE20F5C71F00B4F0E1 /* NSURLSessionConfiguration+TKExtention.m in Sources */ = {isa = PBXBuildFile; fileRef = 447519AB20F5C71D00B4F0E1 /* NSURLSessionConfiguration+TKExtention.m */; };
		447519AF20F5C71F00B4F0E1 /* NSDate+Additions.m in Sources */ = {isa = PBXBuildFile; fileRef = 447519AC20F5C71E00B4F0E1 /* NSDate+Additions.m */; };
		447519B520F5C73C00B4F0E1 /* TKStorageManager.m in Sources */ = {isa = PBXBuildFile; fileRef = 447519B420F5C73C00B4F0E1 /* TKStorageManager.m */; };
		447519BB20F5C76800B4F0E1 /* TKNetworkModel.m in Sources */ = {isa = PBXBuildFile; fileRef = 447519BA20F5C76800B4F0E1 /* TKNetworkModel.m */; };
		447519BE20F5C8C900B4F0E1 /* TKNetwrokListViewController.m in Sources */ = {isa = PBXBuildFile; fileRef = 447519BD20F5C8C900B4F0E1 /* TKNetwrokListViewController.m */; };
		447519C220F5E68600B4F0E1 /* TKNetworkViewCell.m in Sources */ = {isa = PBXBuildFile; fileRef = 447519C120F5E68600B4F0E1 /* TKNetworkViewCell.m */; };
		447519C520F6043F00B4F0E1 /* TKNetworkDetailViewController.m in Sources */ = {isa = PBXBuildFile; fileRef = 447519C420F6043F00B4F0E1 /* TKNetworkDetailViewController.m */; };
		447519C820F6052700B4F0E1 /* TKNetworkDetailViewCell.m in Sources */ = {isa = PBXBuildFile; fileRef = 447519C720F6052700B4F0E1 /* TKNetworkDetailViewCell.m */; };
		4479B49F20F884A700F6B4A1 /* TKNetworkDetailImageCell.m in Sources */ = {isa = PBXBuildFile; fileRef = 4479B49E20F884A700F6B4A1 /* TKNetworkDetailImageCell.m */; };
		44D80BCE20E5C8AF00AC681B /* AppDelegate.m in Sources */ = {isa = PBXBuildFile; fileRef = 44D80BCD20E5C8AF00AC681B /* AppDelegate.m */; };
		44D80BD120E5C8AF00AC681B /* ViewController.m in Sources */ = {isa = PBXBuildFile; fileRef = 44D80BD020E5C8AF00AC681B /* ViewController.m */; };
		44D80BD420E5C8AF00AC681B /* Main.storyboard in Resources */ = {isa = PBXBuildFile; fileRef = 44D80BD220E5C8AF00AC681B /* Main.storyboard */; };
		44D80BD620E5C8B000AC681B /* Assets.xcassets in Resources */ = {isa = PBXBuildFile; fileRef = 44D80BD520E5C8B000AC681B /* Assets.xcassets */; };
		44D80BD920E5C8B000AC681B /* LaunchScreen.storyboard in Resources */ = {isa = PBXBuildFile; fileRef = 44D80BD720E5C8B000AC681B /* LaunchScreen.storyboard */; };
		44D80BDC20E5C8B000AC681B /* main.m in Sources */ = {isa = PBXBuildFile; fileRef = 44D80BDB20E5C8B000AC681B /* main.m */; };
		44D80BE620E5C92E00AC681B /* TKDebugTool.m in Sources */ = {isa = PBXBuildFile; fileRef = 44D80BE520E5C92D00AC681B /* TKDebugTool.m */; };
		44D80BEB20E5CEBB00AC681B /* TKWindow.m in Sources */ = {isa = PBXBuildFile; fileRef = 44D80BEA20E5CEBB00AC681B /* TKWindow.m */; };
		44D80BEE20E5E8F200AC681B /* TKWindowViewController.m in Sources */ = {isa = PBXBuildFile; fileRef = 44D80BED20E5E8F200AC681B /* TKWindowViewController.m */; };
		44D80BF420E5EAD800AC681B /* NSObject+Extension.m in Sources */ = {isa = PBXBuildFile; fileRef = 44D80BF320E5EAD800AC681B /* NSObject+Extension.m */; };
		A117FCCE385514D9D7FC1CF7 /* libPods-TKDebugToolDemo.a in Frameworks */ = {isa = PBXBuildFile; fileRef = BE8EDEC73F8CEACBE219549C /* libPods-TKDebugToolDemo.a */; };
/* End PBXBuildFile section */

/* Begin PBXFileReference section */
		444BF63C20EA40EA004DBFA0 /* TKProxy.h */ = {isa = PBXFileReference; lastKnownFileType = sourcecode.c.h; path = TKProxy.h; sourceTree = "<group>"; };
		444BF63D20EA40EA004DBFA0 /* TKProxy.m */ = {isa = PBXFileReference; lastKnownFileType = sourcecode.c.objc; path = TKProxy.m; sourceTree = "<group>"; };
		444BF63F20EB0B54004DBFA0 /* TKTimer.h */ = {isa = PBXFileReference; fileEncoding = 4; lastKnownFileType = sourcecode.c.h; path = TKTimer.h; sourceTree = "<group>"; };
		444BF64020EB0B54004DBFA0 /* TKTimer.m */ = {isa = PBXFileReference; fileEncoding = 4; lastKnownFileType = sourcecode.c.objc; path = TKTimer.m; sourceTree = "<group>"; };
		444BF64D20EB5FC2004DBFA0 /* UIWindow+Extension.m */ = {isa = PBXFileReference; fileEncoding = 4; lastKnownFileType = sourcecode.c.objc; path = "UIWindow+Extension.m"; sourceTree = "<group>"; };
		444BF64E20EB5FC2004DBFA0 /* UIWindow+Extension.h */ = {isa = PBXFileReference; fileEncoding = 4; lastKnownFileType = sourcecode.c.h; path = "UIWindow+Extension.h"; sourceTree = "<group>"; };
		444BF67020EC9716004DBFA0 /* TKDTDeviceViewController.h */ = {isa = PBXFileReference; lastKnownFileType = sourcecode.c.h; path = TKDTDeviceViewController.h; sourceTree = "<group>"; };
		444BF67120EC9716004DBFA0 /* TKDTDeviceViewController.m */ = {isa = PBXFileReference; lastKnownFileType = sourcecode.c.objc; path = TKDTDeviceViewController.m; sourceTree = "<group>"; };
		445E4B8420FDE461002A5B4C /* YYViewHierarchy3D.h */ = {isa = PBXFileReference; fileEncoding = 4; lastKnownFileType = sourcecode.c.h; path = YYViewHierarchy3D.h; sourceTree = "<group>"; };
		445E4B8520FDE462002A5B4C /* YYViewHierarchy3D.m */ = {isa = PBXFileReference; fileEncoding = 4; lastKnownFileType = sourcecode.c.objc; path = YYViewHierarchy3D.m; sourceTree = "<group>"; };
		445E4C8220FF344A002A5B4C /* TKDTCustomURLProtocol.h */ = {isa = PBXFileReference; fileEncoding = 4; lastKnownFileType = sourcecode.c.h; path = TKDTCustomURLProtocol.h; sourceTree = "<group>"; };
		445E4C8320FF344A002A5B4C /* TKDTCustomURLProtocol.m */ = {isa = PBXFileReference; fileEncoding = 4; lastKnownFileType = sourcecode.c.objc; path = TKDTCustomURLProtocol.m; sourceTree = "<group>"; };
		4470F3EC20FD96CB004D3E4C /* TKCrashHelper.h */ = {isa = PBXFileReference; fileEncoding = 4; lastKnownFileType = sourcecode.c.h; path = TKCrashHelper.h; sourceTree = "<group>"; };
		4470F3ED20FD96CC004D3E4C /* TKCrashHelper.m */ = {isa = PBXFileReference; fileEncoding = 4; lastKnownFileType = sourcecode.c.objc; path = TKCrashHelper.m; sourceTree = "<group>"; };
		4470F3F320FDB5C3004D3E4C /* TKCrashListViewController.h */ = {isa = PBXFileReference; lastKnownFileType = sourcecode.c.h; path = TKCrashListViewController.h; sourceTree = "<group>"; };
		4470F3F420FDB5C3004D3E4C /* TKCrashListViewController.m */ = {isa = PBXFileReference; lastKnownFileType = sourcecode.c.objc; path = TKCrashListViewController.m; sourceTree = "<group>"; };
		4470F3F620FDB828004D3E4C /* TKCrashModel.h */ = {isa = PBXFileReference; lastKnownFileType = sourcecode.c.h; path = TKCrashModel.h; sourceTree = "<group>"; };
		4470F3F720FDB828004D3E4C /* TKCrashModel.m */ = {isa = PBXFileReference; lastKnownFileType = sourcecode.c.objc; path = TKCrashModel.m; sourceTree = "<group>"; };
		4470F3FC20FDD1F1004D3E4C /* TKCrashDetailViewCell.h */ = {isa = PBXFileReference; lastKnownFileType = sourcecode.c.h; path = TKCrashDetailViewCell.h; sourceTree = "<group>"; };
		4470F3FD20FDD1F1004D3E4C /* TKCrashDetailViewCell.m */ = {isa = PBXFileReference; lastKnownFileType = sourcecode.c.objc; path = TKCrashDetailViewCell.m; sourceTree = "<group>"; };
		4470F3FF20FDD218004D3E4C /* TKCrashDetailViewController.h */ = {isa = PBXFileReference; lastKnownFileType = sourcecode.c.h; path = TKCrashDetailViewController.h; sourceTree = "<group>"; };
		4470F40020FDD218004D3E4C /* TKCrashDetailViewController.m */ = {isa = PBXFileReference; lastKnownFileType = sourcecode.c.objc; path = TKCrashDetailViewController.m; sourceTree = "<group>"; };
		447519AA20F5C71D00B4F0E1 /* NSDate+Additions.h */ = {isa = PBXFileReference; fileEncoding = 4; lastKnownFileType = sourcecode.c.h; path = "NSDate+Additions.h"; sourceTree = "<group>"; };
		447519AB20F5C71D00B4F0E1 /* NSURLSessionConfiguration+TKExtention.m */ = {isa = PBXFileReference; fileEncoding = 4; lastKnownFileType = sourcecode.c.objc; path = "NSURLSessionConfiguration+TKExtention.m"; sourceTree = "<group>"; };
		447519AC20F5C71E00B4F0E1 /* NSDate+Additions.m */ = {isa = PBXFileReference; fileEncoding = 4; lastKnownFileType = sourcecode.c.objc; path = "NSDate+Additions.m"; sourceTree = "<group>"; };
		447519AD20F5C71E00B4F0E1 /* NSURLSessionConfiguration+TKExtention.h */ = {isa = PBXFileReference; fileEncoding = 4; lastKnownFileType = sourcecode.c.h; path = "NSURLSessionConfiguration+TKExtention.h"; sourceTree = "<group>"; };
		447519B320F5C73C00B4F0E1 /* TKStorageManager.h */ = {isa = PBXFileReference; fileEncoding = 4; lastKnownFileType = sourcecode.c.h; path = TKStorageManager.h; sourceTree = "<group>"; };
		447519B420F5C73C00B4F0E1 /* TKStorageManager.m */ = {isa = PBXFileReference; fileEncoding = 4; lastKnownFileType = sourcecode.c.objc; path = TKStorageManager.m; sourceTree = "<group>"; };
		447519B920F5C76800B4F0E1 /* TKNetworkModel.h */ = {isa = PBXFileReference; fileEncoding = 4; lastKnownFileType = sourcecode.c.h; path = TKNetworkModel.h; sourceTree = "<group>"; };
		447519BA20F5C76800B4F0E1 /* TKNetworkModel.m */ = {isa = PBXFileReference; fileEncoding = 4; lastKnownFileType = sourcecode.c.objc; path = TKNetworkModel.m; sourceTree = "<group>"; };
		447519BC20F5C8C900B4F0E1 /* TKNetwrokListViewController.h */ = {isa = PBXFileReference; lastKnownFileType = sourcecode.c.h; path = TKNetwrokListViewController.h; sourceTree = "<group>"; };
		447519BD20F5C8C900B4F0E1 /* TKNetwrokListViewController.m */ = {isa = PBXFileReference; lastKnownFileType = sourcecode.c.objc; path = TKNetwrokListViewController.m; sourceTree = "<group>"; };
		447519C020F5E68600B4F0E1 /* TKNetworkViewCell.h */ = {isa = PBXFileReference; lastKnownFileType = sourcecode.c.h; path = TKNetworkViewCell.h; sourceTree = "<group>"; };
		447519C120F5E68600B4F0E1 /* TKNetworkViewCell.m */ = {isa = PBXFileReference; lastKnownFileType = sourcecode.c.objc; path = TKNetworkViewCell.m; sourceTree = "<group>"; };
		447519C320F6043F00B4F0E1 /* TKNetworkDetailViewController.h */ = {isa = PBXFileReference; lastKnownFileType = sourcecode.c.h; path = TKNetworkDetailViewController.h; sourceTree = "<group>"; };
		447519C420F6043F00B4F0E1 /* TKNetworkDetailViewController.m */ = {isa = PBXFileReference; lastKnownFileType = sourcecode.c.objc; path = TKNetworkDetailViewController.m; sourceTree = "<group>"; };
		447519C620F6052700B4F0E1 /* TKNetworkDetailViewCell.h */ = {isa = PBXFileReference; lastKnownFileType = sourcecode.c.h; path = TKNetworkDetailViewCell.h; sourceTree = "<group>"; };
		447519C720F6052700B4F0E1 /* TKNetworkDetailViewCell.m */ = {isa = PBXFileReference; lastKnownFileType = sourcecode.c.objc; path = TKNetworkDetailViewCell.m; sourceTree = "<group>"; };
		4479B49D20F884A700F6B4A1 /* TKNetworkDetailImageCell.h */ = {isa = PBXFileReference; lastKnownFileType = sourcecode.c.h; path = TKNetworkDetailImageCell.h; sourceTree = "<group>"; };
		4479B49E20F884A700F6B4A1 /* TKNetworkDetailImageCell.m */ = {isa = PBXFileReference; lastKnownFileType = sourcecode.c.objc; path = TKNetworkDetailImageCell.m; sourceTree = "<group>"; };
		44D80BC920E5C8AF00AC681B /* TKDebugToolDemo.app */ = {isa = PBXFileReference; explicitFileType = wrapper.application; includeInIndex = 0; path = TKDebugToolDemo.app; sourceTree = BUILT_PRODUCTS_DIR; };
		44D80BCC20E5C8AF00AC681B /* AppDelegate.h */ = {isa = PBXFileReference; lastKnownFileType = sourcecode.c.h; path = AppDelegate.h; sourceTree = "<group>"; };
		44D80BCD20E5C8AF00AC681B /* AppDelegate.m */ = {isa = PBXFileReference; lastKnownFileType = sourcecode.c.objc; path = AppDelegate.m; sourceTree = "<group>"; };
		44D80BCF20E5C8AF00AC681B /* ViewController.h */ = {isa = PBXFileReference; lastKnownFileType = sourcecode.c.h; path = ViewController.h; sourceTree = "<group>"; };
		44D80BD020E5C8AF00AC681B /* ViewController.m */ = {isa = PBXFileReference; lastKnownFileType = sourcecode.c.objc; path = ViewController.m; sourceTree = "<group>"; };
		44D80BD320E5C8AF00AC681B /* Base */ = {isa = PBXFileReference; lastKnownFileType = file.storyboard; name = Base; path = Base.lproj/Main.storyboard; sourceTree = "<group>"; };
		44D80BD520E5C8B000AC681B /* Assets.xcassets */ = {isa = PBXFileReference; lastKnownFileType = folder.assetcatalog; path = Assets.xcassets; sourceTree = "<group>"; };
		44D80BD820E5C8B000AC681B /* Base */ = {isa = PBXFileReference; lastKnownFileType = file.storyboard; name = Base; path = Base.lproj/LaunchScreen.storyboard; sourceTree = "<group>"; };
		44D80BDA20E5C8B000AC681B /* Info.plist */ = {isa = PBXFileReference; lastKnownFileType = text.plist.xml; path = Info.plist; sourceTree = "<group>"; };
		44D80BDB20E5C8B000AC681B /* main.m */ = {isa = PBXFileReference; lastKnownFileType = sourcecode.c.objc; path = main.m; sourceTree = "<group>"; };
		44D80BE420E5C92D00AC681B /* TKDebugTool.h */ = {isa = PBXFileReference; lastKnownFileType = sourcecode.c.h; path = TKDebugTool.h; sourceTree = "<group>"; };
		44D80BE520E5C92D00AC681B /* TKDebugTool.m */ = {isa = PBXFileReference; lastKnownFileType = sourcecode.c.objc; path = TKDebugTool.m; sourceTree = "<group>"; };
		44D80BE720E5C99C00AC681B /* TKDebugToolMacro.h */ = {isa = PBXFileReference; lastKnownFileType = sourcecode.c.h; path = TKDebugToolMacro.h; sourceTree = "<group>"; };
		44D80BE920E5CEBB00AC681B /* TKWindow.h */ = {isa = PBXFileReference; lastKnownFileType = sourcecode.c.h; path = TKWindow.h; sourceTree = "<group>"; };
		44D80BEA20E5CEBB00AC681B /* TKWindow.m */ = {isa = PBXFileReference; lastKnownFileType = sourcecode.c.objc; path = TKWindow.m; sourceTree = "<group>"; };
		44D80BEC20E5E8F200AC681B /* TKWindowViewController.h */ = {isa = PBXFileReference; lastKnownFileType = sourcecode.c.h; path = TKWindowViewController.h; sourceTree = "<group>"; };
		44D80BED20E5E8F200AC681B /* TKWindowViewController.m */ = {isa = PBXFileReference; lastKnownFileType = sourcecode.c.objc; path = TKWindowViewController.m; sourceTree = "<group>"; };
		44D80BF220E5EAD800AC681B /* NSObject+Extension.h */ = {isa = PBXFileReference; lastKnownFileType = sourcecode.c.h; path = "NSObject+Extension.h"; sourceTree = "<group>"; };
		44D80BF320E5EAD800AC681B /* NSObject+Extension.m */ = {isa = PBXFileReference; lastKnownFileType = sourcecode.c.objc; path = "NSObject+Extension.m"; sourceTree = "<group>"; };
		A1F37519A7C27E3F67DBDBB9 /* Pods-TKDebugToolDemo.release.xcconfig */ = {isa = PBXFileReference; includeInIndex = 1; lastKnownFileType = text.xcconfig; name = "Pods-TKDebugToolDemo.release.xcconfig"; path = "Pods/Target Support Files/Pods-TKDebugToolDemo/Pods-TKDebugToolDemo.release.xcconfig"; sourceTree = "<group>"; };
		BE8EDEC73F8CEACBE219549C /* libPods-TKDebugToolDemo.a */ = {isa = PBXFileReference; explicitFileType = archive.ar; includeInIndex = 0; path = "libPods-TKDebugToolDemo.a"; sourceTree = BUILT_PRODUCTS_DIR; };
		CE82AC20D80CB2A684F9B320 /* Pods-TKDebugToolDemo.debug.xcconfig */ = {isa = PBXFileReference; includeInIndex = 1; lastKnownFileType = text.xcconfig; name = "Pods-TKDebugToolDemo.debug.xcconfig"; path = "Pods/Target Support Files/Pods-TKDebugToolDemo/Pods-TKDebugToolDemo.debug.xcconfig"; sourceTree = "<group>"; };
/* End PBXFileReference section */

/* Begin PBXFrameworksBuildPhase section */
		44D80BC620E5C8AF00AC681B /* Frameworks */ = {
			isa = PBXFrameworksBuildPhase;
			buildActionMask = 2147483647;
			files = (
				A117FCCE385514D9D7FC1CF7 /* libPods-TKDebugToolDemo.a in Frameworks */,
			);
			runOnlyForDeploymentPostprocessing = 0;
		};
/* End PBXFrameworksBuildPhase section */

/* Begin PBXGroup section */
		1A19DC582041FECF8CC483C8 /* Pods */ = {
			isa = PBXGroup;
			children = (
				CE82AC20D80CB2A684F9B320 /* Pods-TKDebugToolDemo.debug.xcconfig */,
				A1F37519A7C27E3F67DBDBB9 /* Pods-TKDebugToolDemo.release.xcconfig */,
			);
			name = Pods;
			sourceTree = "<group>";
		};
		444BF65020EC6369004DBFA0 /* TKDTCategory */ = {
			isa = PBXGroup;
			children = (
				447519AA20F5C71D00B4F0E1 /* NSDate+Additions.h */,
				447519AC20F5C71E00B4F0E1 /* NSDate+Additions.m */,
				447519AD20F5C71E00B4F0E1 /* NSURLSessionConfiguration+TKExtention.h */,
				447519AB20F5C71D00B4F0E1 /* NSURLSessionConfiguration+TKExtention.m */,
				44D80BF220E5EAD800AC681B /* NSObject+Extension.h */,
				44D80BF320E5EAD800AC681B /* NSObject+Extension.m */,
				444BF64E20EB5FC2004DBFA0 /* UIWindow+Extension.h */,
				444BF64D20EB5FC2004DBFA0 /* UIWindow+Extension.m */,
			);
			path = TKDTCategory;
			sourceTree = "<group>";
		};
		444BF66B20EC9637004DBFA0 /* TKDTUI */ = {
			isa = PBXGroup;
			children = (
				4470F3EF20FD9873004D3E4C /* Crash */,
				447519B620F5C74700B4F0E1 /* Network */,
				444BF66C20EC96C8004DBFA0 /* Device */,
			);
			path = TKDTUI;
			sourceTree = "<group>";
		};
		444BF66C20EC96C8004DBFA0 /* Device */ = {
			isa = PBXGroup;
			children = (
				444BF67020EC9716004DBFA0 /* TKDTDeviceViewController.h */,
				444BF67120EC9716004DBFA0 /* TKDTDeviceViewController.m */,
			);
			path = Device;
			sourceTree = "<group>";
		};
		4470F3EF20FD9873004D3E4C /* Crash */ = {
			isa = PBXGroup;
			children = (
				4470F3F220FD989E004D3E4C /* Controller */,
				4470F3F120FD9899004D3E4C /* Model */,
				4470F3F020FD988D004D3E4C /* View */,
			);
			path = Crash;
			sourceTree = "<group>";
		};
		4470F3F020FD988D004D3E4C /* View */ = {
			isa = PBXGroup;
			children = (
				4470F3FC20FDD1F1004D3E4C /* TKCrashDetailViewCell.h */,
				4470F3FD20FDD1F1004D3E4C /* TKCrashDetailViewCell.m */,
			);
			path = View;
			sourceTree = "<group>";
		};
		4470F3F120FD9899004D3E4C /* Model */ = {
			isa = PBXGroup;
			children = (
				4470F3F620FDB828004D3E4C /* TKCrashModel.h */,
				4470F3F720FDB828004D3E4C /* TKCrashModel.m */,
			);
			path = Model;
			sourceTree = "<group>";
		};
		4470F3F220FD989E004D3E4C /* Controller */ = {
			isa = PBXGroup;
			children = (
				4470F3F320FDB5C3004D3E4C /* TKCrashListViewController.h */,
				4470F3F420FDB5C3004D3E4C /* TKCrashListViewController.m */,
				4470F3FF20FDD218004D3E4C /* TKCrashDetailViewController.h */,
				4470F40020FDD218004D3E4C /* TKCrashDetailViewController.m */,
			);
			path = Controller;
			sourceTree = "<group>";
		};
		447519B620F5C74700B4F0E1 /* Network */ = {
			isa = PBXGroup;
			children = (
				447519BF20F5E5E200B4F0E1 /* View */,
				447519B820F5C75A00B4F0E1 /* Model */,
				447519B720F5C75300B4F0E1 /* Controller */,
			);
			path = Network;
			sourceTree = "<group>";
		};
		447519B720F5C75300B4F0E1 /* Controller */ = {
			isa = PBXGroup;
			children = (
				447519BC20F5C8C900B4F0E1 /* TKNetwrokListViewController.h */,
				447519BD20F5C8C900B4F0E1 /* TKNetwrokListViewController.m */,
				447519C320F6043F00B4F0E1 /* TKNetworkDetailViewController.h */,
				447519C420F6043F00B4F0E1 /* TKNetworkDetailViewController.m */,
			);
			path = Controller;
			sourceTree = "<group>";
		};
		447519B820F5C75A00B4F0E1 /* Model */ = {
			isa = PBXGroup;
			children = (
				447519B920F5C76800B4F0E1 /* TKNetworkModel.h */,
				447519BA20F5C76800B4F0E1 /* TKNetworkModel.m */,
			);
			path = Model;
			sourceTree = "<group>";
		};
		447519BF20F5E5E200B4F0E1 /* View */ = {
			isa = PBXGroup;
			children = (
				447519C020F5E68600B4F0E1 /* TKNetworkViewCell.h */,
				447519C120F5E68600B4F0E1 /* TKNetworkViewCell.m */,
				447519C620F6052700B4F0E1 /* TKNetworkDetailViewCell.h */,
				447519C720F6052700B4F0E1 /* TKNetworkDetailViewCell.m */,
				4479B49D20F884A700F6B4A1 /* TKNetworkDetailImageCell.h */,
				4479B49E20F884A700F6B4A1 /* TKNetworkDetailImageCell.m */,
			);
			path = View;
			sourceTree = "<group>";
		};
		44D80BC020E5C8AF00AC681B = {
			isa = PBXGroup;
			children = (
				44D80BCB20E5C8AF00AC681B /* TKDebugToolDemo */,
				44D80BCA20E5C8AF00AC681B /* Products */,
				1A19DC582041FECF8CC483C8 /* Pods */,
				BC0D725BC024E49BAB6D74FA /* Frameworks */,
			);
			sourceTree = "<group>";
		};
		44D80BCA20E5C8AF00AC681B /* Products */ = {
			isa = PBXGroup;
			children = (
				44D80BC920E5C8AF00AC681B /* TKDebugToolDemo.app */,
			);
			name = Products;
			sourceTree = "<group>";
		};
		44D80BCB20E5C8AF00AC681B /* TKDebugToolDemo */ = {
			isa = PBXGroup;
			children = (
				44D80BE220E5C8B500AC681B /* TKDebugTool */,
				44D80BCC20E5C8AF00AC681B /* AppDelegate.h */,
				44D80BCD20E5C8AF00AC681B /* AppDelegate.m */,
				44D80BCF20E5C8AF00AC681B /* ViewController.h */,
				44D80BD020E5C8AF00AC681B /* ViewController.m */,
				44D80BD220E5C8AF00AC681B /* Main.storyboard */,
				44D80BD520E5C8B000AC681B /* Assets.xcassets */,
				44D80BD720E5C8B000AC681B /* LaunchScreen.storyboard */,
				44D80BDA20E5C8B000AC681B /* Info.plist */,
				44D80BDB20E5C8B000AC681B /* main.m */,
			);
			path = TKDebugToolDemo;
			sourceTree = "<group>";
		};
		44D80BE220E5C8B500AC681B /* TKDebugTool */ = {
			isa = PBXGroup;
			children = (
				444BF66B20EC9637004DBFA0 /* TKDTUI */,
				444BF65020EC6369004DBFA0 /* TKDTCategory */,
				44D80BE320E5C90100AC681B /* DebugTool */,
				44D80BE820E5CD6100AC681B /* TKDTWindow */,
			);
			path = TKDebugTool;
			sourceTree = "<group>";
		};
		44D80BE320E5C90100AC681B /* DebugTool */ = {
			isa = PBXGroup;
			children = (
				445E4C8220FF344A002A5B4C /* TKDTCustomURLProtocol.h */,
				445E4C8320FF344A002A5B4C /* TKDTCustomURLProtocol.m */,
				44D80BE420E5C92D00AC681B /* TKDebugTool.h */,
				44D80BE520E5C92D00AC681B /* TKDebugTool.m */,
				44D80BE720E5C99C00AC681B /* TKDebugToolMacro.h */,
				4470F3EC20FD96CB004D3E4C /* TKCrashHelper.h */,
				4470F3ED20FD96CC004D3E4C /* TKCrashHelper.m */,
				447519B320F5C73C00B4F0E1 /* TKStorageManager.h */,
				447519B420F5C73C00B4F0E1 /* TKStorageManager.m */,
				445E4B8420FDE461002A5B4C /* YYViewHierarchy3D.h */,
				445E4B8520FDE462002A5B4C /* YYViewHierarchy3D.m */,
			);
			path = DebugTool;
			sourceTree = "<group>";
		};
		44D80BE820E5CD6100AC681B /* TKDTWindow */ = {
			isa = PBXGroup;
			children = (
				444BF63F20EB0B54004DBFA0 /* TKTimer.h */,
				444BF64020EB0B54004DBFA0 /* TKTimer.m */,
				444BF63C20EA40EA004DBFA0 /* TKProxy.h */,
				444BF63D20EA40EA004DBFA0 /* TKProxy.m */,
				44D80BE920E5CEBB00AC681B /* TKWindow.h */,
				44D80BEA20E5CEBB00AC681B /* TKWindow.m */,
				44D80BEC20E5E8F200AC681B /* TKWindowViewController.h */,
				44D80BED20E5E8F200AC681B /* TKWindowViewController.m */,
			);
			path = TKDTWindow;
			sourceTree = "<group>";
		};
		BC0D725BC024E49BAB6D74FA /* Frameworks */ = {
			isa = PBXGroup;
			children = (
				BE8EDEC73F8CEACBE219549C /* libPods-TKDebugToolDemo.a */,
			);
			name = Frameworks;
			sourceTree = "<group>";
		};
/* End PBXGroup section */

/* Begin PBXNativeTarget section */
		44D80BC820E5C8AF00AC681B /* TKDebugToolDemo */ = {
			isa = PBXNativeTarget;
			buildConfigurationList = 44D80BDF20E5C8B000AC681B /* Build configuration list for PBXNativeTarget "TKDebugToolDemo" */;
			buildPhases = (
				966C3648790FDD8C8DC2FA43 /* [CP] Check Pods Manifest.lock */,
				44D80BC520E5C8AF00AC681B /* Sources */,
				44D80BC620E5C8AF00AC681B /* Frameworks */,
				44D80BC720E5C8AF00AC681B /* Resources */,
				9F974B6BD264B87706172532 /* [CP] Copy Pods Resources */,
			);
			buildRules = (
			);
			dependencies = (
			);
			name = TKDebugToolDemo;
			productName = TKDebugToolDemo;
			productReference = 44D80BC920E5C8AF00AC681B /* TKDebugToolDemo.app */;
			productType = "com.apple.product-type.application";
		};
/* End PBXNativeTarget section */

/* Begin PBXProject section */
		44D80BC120E5C8AF00AC681B /* Project object */ = {
			isa = PBXProject;
			attributes = {
				LastUpgradeCheck = 0930;
				ORGANIZATIONNAME = tax;
				TargetAttributes = {
					44D80BC820E5C8AF00AC681B = {
						CreatedOnToolsVersion = 9.3;
					};
				};
			};
			buildConfigurationList = 44D80BC420E5C8AF00AC681B /* Build configuration list for PBXProject "TKDebugToolDemo" */;
			compatibilityVersion = "Xcode 9.3";
			developmentRegion = en;
			hasScannedForEncodings = 0;
			knownRegions = (
				en,
				Base,
			);
			mainGroup = 44D80BC020E5C8AF00AC681B;
			productRefGroup = 44D80BCA20E5C8AF00AC681B /* Products */;
			projectDirPath = "";
			projectRoot = "";
			targets = (
				44D80BC820E5C8AF00AC681B /* TKDebugToolDemo */,
			);
		};
/* End PBXProject section */

/* Begin PBXResourcesBuildPhase section */
		44D80BC720E5C8AF00AC681B /* Resources */ = {
			isa = PBXResourcesBuildPhase;
			buildActionMask = 2147483647;
			files = (
				44D80BD920E5C8B000AC681B /* LaunchScreen.storyboard in Resources */,
				44D80BD620E5C8B000AC681B /* Assets.xcassets in Resources */,
				44D80BD420E5C8AF00AC681B /* Main.storyboard in Resources */,
			);
			runOnlyForDeploymentPostprocessing = 0;
		};
/* End PBXResourcesBuildPhase section */

/* Begin PBXShellScriptBuildPhase section */
		966C3648790FDD8C8DC2FA43 /* [CP] Check Pods Manifest.lock */ = {
			isa = PBXShellScriptBuildPhase;
			buildActionMask = 2147483647;
			files = (
			);
			inputPaths = (
				"${PODS_PODFILE_DIR_PATH}/Podfile.lock",
				"${PODS_ROOT}/Manifest.lock",
			);
			name = "[CP] Check Pods Manifest.lock";
			outputPaths = (
				"$(DERIVED_FILE_DIR)/Pods-TKDebugToolDemo-checkManifestLockResult.txt",
			);
			runOnlyForDeploymentPostprocessing = 0;
			shellPath = /bin/sh;
			shellScript = "diff \"${PODS_PODFILE_DIR_PATH}/Podfile.lock\" \"${PODS_ROOT}/Manifest.lock\" > /dev/null\nif [ $? != 0 ] ; then\n    # print error to STDERR\n    echo \"error: The sandbox is not in sync with the Podfile.lock. Run 'pod install' or update your CocoaPods installation.\" >&2\n    exit 1\nfi\n# This output is used by Xcode 'outputs' to avoid re-running this script phase.\necho \"SUCCESS\" > \"${SCRIPT_OUTPUT_FILE_0}\"\n";
			showEnvVarsInLog = 0;
		};
		9F974B6BD264B87706172532 /* [CP] Copy Pods Resources */ = {
			isa = PBXShellScriptBuildPhase;
			buildActionMask = 2147483647;
			files = (
			);
			inputPaths = (
				"${SRCROOT}/Pods/Target Support Files/Pods-TKDebugToolDemo/Pods-TKDebugToolDemo-resources.sh",
				"${PODS_ROOT}/MJRefresh/MJRefresh/MJRefresh.bundle",
			);
			name = "[CP] Copy Pods Resources";
			outputPaths = (
				"${TARGET_BUILD_DIR}/${UNLOCALIZED_RESOURCES_FOLDER_PATH}/MJRefresh.bundle",
			);
			runOnlyForDeploymentPostprocessing = 0;
			shellPath = /bin/sh;
			shellScript = "\"${SRCROOT}/Pods/Target Support Files/Pods-TKDebugToolDemo/Pods-TKDebugToolDemo-resources.sh\"\n";
			showEnvVarsInLog = 0;
		};
/* End PBXShellScriptBuildPhase section */

/* Begin PBXSourcesBuildPhase section */
		44D80BC520E5C8AF00AC681B /* Sources */ = {
			isa = PBXSourcesBuildPhase;
			buildActionMask = 2147483647;
			files = (
				444BF67220EC9716004DBFA0 /* TKDTDeviceViewController.m in Sources */,
				447519BE20F5C8C900B4F0E1 /* TKNetwrokListViewController.m in Sources */,
				445E4B8620FDE462002A5B4C /* YYViewHierarchy3D.m in Sources */,
				4470F3F820FDB828004D3E4C /* TKCrashModel.m in Sources */,
				447519C820F6052700B4F0E1 /* TKNetworkDetailViewCell.m in Sources */,
				44D80BE620E5C92E00AC681B /* TKDebugTool.m in Sources */,
				4470F3FE20FDD1F1004D3E4C /* TKCrashDetailViewCell.m in Sources */,
				447519C220F5E68600B4F0E1 /* TKNetworkViewCell.m in Sources */,
				444BF64F20EB5FC3004DBFA0 /* UIWindow+Extension.m in Sources */,
				44D80BD120E5C8AF00AC681B /* ViewController.m in Sources */,
				445E4C8420FF344A002A5B4C /* TKDTCustomURLProtocol.m in Sources */,
				447519BB20F5C76800B4F0E1 /* TKNetworkModel.m in Sources */,
				4470F3F520FDB5C3004D3E4C /* TKCrashListViewController.m in Sources */,
				44D80BDC20E5C8B000AC681B /* main.m in Sources */,
				4479B49F20F884A700F6B4A1 /* TKNetworkDetailImageCell.m in Sources */,
				44D80BEE20E5E8F200AC681B /* TKWindowViewController.m in Sources */,
				444BF64120EB0B54004DBFA0 /* TKTimer.m in Sources */,
				447519C520F6043F00B4F0E1 /* TKNetworkDetailViewController.m in Sources */,
				4470F3EE20FD96CC004D3E4C /* TKCrashHelper.m in Sources */,
				44D80BCE20E5C8AF00AC681B /* AppDelegate.m in Sources */,
				444BF63E20EA40EA004DBFA0 /* TKProxy.m in Sources */,
				4470F40120FDD218004D3E4C /* TKCrashDetailViewController.m in Sources */,
				44D80BF420E5EAD800AC681B /* NSObject+Extension.m in Sources */,
				447519AE20F5C71F00B4F0E1 /* NSURLSessionConfiguration+TKExtention.m in Sources */,
				447519B520F5C73C00B4F0E1 /* TKStorageManager.m in Sources */,
				447519AF20F5C71F00B4F0E1 /* NSDate+Additions.m in Sources */,
				44D80BEB20E5CEBB00AC681B /* TKWindow.m in Sources */,
			);
			runOnlyForDeploymentPostprocessing = 0;
		};
/* End PBXSourcesBuildPhase section */

/* Begin PBXVariantGroup section */
		44D80BD220E5C8AF00AC681B /* Main.storyboard */ = {
			isa = PBXVariantGroup;
			children = (
				44D80BD320E5C8AF00AC681B /* Base */,
			);
			name = Main.storyboard;
			sourceTree = "<group>";
		};
		44D80BD720E5C8B000AC681B /* LaunchScreen.storyboard */ = {
			isa = PBXVariantGroup;
			children = (
				44D80BD820E5C8B000AC681B /* Base */,
			);
			name = LaunchScreen.storyboard;
			sourceTree = "<group>";
		};
/* End PBXVariantGroup section */

/* Begin XCBuildConfiguration section */
		44D80BDD20E5C8B000AC681B /* Debug */ = {
			isa = XCBuildConfiguration;
			buildSettings = {
				ALWAYS_SEARCH_USER_PATHS = NO;
				CLANG_ANALYZER_NONNULL = YES;
				CLANG_ANALYZER_NUMBER_OBJECT_CONVERSION = YES_AGGRESSIVE;
				CLANG_CXX_LANGUAGE_STANDARD = "gnu++14";
				CLANG_CXX_LIBRARY = "libc++";
				CLANG_ENABLE_MODULES = YES;
				CLANG_ENABLE_OBJC_ARC = YES;
				CLANG_ENABLE_OBJC_WEAK = YES;
				CLANG_WARN_BLOCK_CAPTURE_AUTORELEASING = YES;
				CLANG_WARN_BOOL_CONVERSION = YES;
				CLANG_WARN_COMMA = YES;
				CLANG_WARN_CONSTANT_CONVERSION = YES;
				CLANG_WARN_DEPRECATED_OBJC_IMPLEMENTATIONS = YES;
				CLANG_WARN_DIRECT_OBJC_ISA_USAGE = YES_ERROR;
				CLANG_WARN_DOCUMENTATION_COMMENTS = YES;
				CLANG_WARN_EMPTY_BODY = YES;
				CLANG_WARN_ENUM_CONVERSION = YES;
				CLANG_WARN_INFINITE_RECURSION = YES;
				CLANG_WARN_INT_CONVERSION = YES;
				CLANG_WARN_NON_LITERAL_NULL_CONVERSION = YES;
				CLANG_WARN_OBJC_IMPLICIT_RETAIN_SELF = YES;
				CLANG_WARN_OBJC_LITERAL_CONVERSION = YES;
				CLANG_WARN_OBJC_ROOT_CLASS = YES_ERROR;
				CLANG_WARN_RANGE_LOOP_ANALYSIS = YES;
				CLANG_WARN_STRICT_PROTOTYPES = YES;
				CLANG_WARN_SUSPICIOUS_MOVE = YES;
				CLANG_WARN_UNGUARDED_AVAILABILITY = YES_AGGRESSIVE;
				CLANG_WARN_UNREACHABLE_CODE = YES;
				CLANG_WARN__DUPLICATE_METHOD_MATCH = YES;
				CODE_SIGN_IDENTITY = "iPhone Developer";
				COPY_PHASE_STRIP = NO;
				DEBUG_INFORMATION_FORMAT = dwarf;
				ENABLE_STRICT_OBJC_MSGSEND = YES;
				ENABLE_TESTABILITY = YES;
				GCC_C_LANGUAGE_STANDARD = gnu11;
				GCC_DYNAMIC_NO_PIC = NO;
				GCC_NO_COMMON_BLOCKS = YES;
				GCC_OPTIMIZATION_LEVEL = 0;
				GCC_PREPROCESSOR_DEFINITIONS = (
					"DEBUG=1",
					"$(inherited)",
				);
				GCC_WARN_64_TO_32_BIT_CONVERSION = YES;
				GCC_WARN_ABOUT_RETURN_TYPE = YES_ERROR;
				GCC_WARN_UNDECLARED_SELECTOR = YES;
				GCC_WARN_UNINITIALIZED_AUTOS = YES_AGGRESSIVE;
				GCC_WARN_UNUSED_FUNCTION = YES;
				GCC_WARN_UNUSED_VARIABLE = YES;
				IPHONEOS_DEPLOYMENT_TARGET = 11.3;
				MTL_ENABLE_DEBUG_INFO = YES;
				ONLY_ACTIVE_ARCH = YES;
				SDKROOT = iphoneos;
			};
			name = Debug;
		};
		44D80BDE20E5C8B000AC681B /* Release */ = {
			isa = XCBuildConfiguration;
			buildSettings = {
				ALWAYS_SEARCH_USER_PATHS = NO;
				CLANG_ANALYZER_NONNULL = YES;
				CLANG_ANALYZER_NUMBER_OBJECT_CONVERSION = YES_AGGRESSIVE;
				CLANG_CXX_LANGUAGE_STANDARD = "gnu++14";
				CLANG_CXX_LIBRARY = "libc++";
				CLANG_ENABLE_MODULES = YES;
				CLANG_ENABLE_OBJC_ARC = YES;
				CLANG_ENABLE_OBJC_WEAK = YES;
				CLANG_WARN_BLOCK_CAPTURE_AUTORELEASING = YES;
				CLANG_WARN_BOOL_CONVERSION = YES;
				CLANG_WARN_COMMA = YES;
				CLANG_WARN_CONSTANT_CONVERSION = YES;
				CLANG_WARN_DEPRECATED_OBJC_IMPLEMENTATIONS = YES;
				CLANG_WARN_DIRECT_OBJC_ISA_USAGE = YES_ERROR;
				CLANG_WARN_DOCUMENTATION_COMMENTS = YES;
				CLANG_WARN_EMPTY_BODY = YES;
				CLANG_WARN_ENUM_CONVERSION = YES;
				CLANG_WARN_INFINITE_RECURSION = YES;
				CLANG_WARN_INT_CONVERSION = YES;
				CLANG_WARN_NON_LITERAL_NULL_CONVERSION = YES;
				CLANG_WARN_OBJC_IMPLICIT_RETAIN_SELF = YES;
				CLANG_WARN_OBJC_LITERAL_CONVERSION = YES;
				CLANG_WARN_OBJC_ROOT_CLASS = YES_ERROR;
				CLANG_WARN_RANGE_LOOP_ANALYSIS = YES;
				CLANG_WARN_STRICT_PROTOTYPES = YES;
				CLANG_WARN_SUSPICIOUS_MOVE = YES;
				CLANG_WARN_UNGUARDED_AVAILABILITY = YES_AGGRESSIVE;
				CLANG_WARN_UNREACHABLE_CODE = YES;
				CLANG_WARN__DUPLICATE_METHOD_MATCH = YES;
				CODE_SIGN_IDENTITY = "iPhone Developer";
				COPY_PHASE_STRIP = NO;
				DEBUG_INFORMATION_FORMAT = "dwarf-with-dsym";
				ENABLE_NS_ASSERTIONS = NO;
				ENABLE_STRICT_OBJC_MSGSEND = YES;
				GCC_C_LANGUAGE_STANDARD = gnu11;
				GCC_NO_COMMON_BLOCKS = YES;
				GCC_WARN_64_TO_32_BIT_CONVERSION = YES;
				GCC_WARN_ABOUT_RETURN_TYPE = YES_ERROR;
				GCC_WARN_UNDECLARED_SELECTOR = YES;
				GCC_WARN_UNINITIALIZED_AUTOS = YES_AGGRESSIVE;
				GCC_WARN_UNUSED_FUNCTION = YES;
				GCC_WARN_UNUSED_VARIABLE = YES;
				IPHONEOS_DEPLOYMENT_TARGET = 11.3;
				MTL_ENABLE_DEBUG_INFO = NO;
				SDKROOT = iphoneos;
				VALIDATE_PRODUCT = YES;
			};
			name = Release;
		};
		44D80BE020E5C8B000AC681B /* Debug */ = {
			isa = XCBuildConfiguration;
			baseConfigurationReference = CE82AC20D80CB2A684F9B320 /* Pods-TKDebugToolDemo.debug.xcconfig */;
			buildSettings = {
				ASSETCATALOG_COMPILER_APPICON_NAME = AppIcon;
				CODE_SIGN_STYLE = Automatic;
				DEVELOPMENT_TEAM = PJB3LYFWDE;
				INFOPLIST_FILE = TKDebugToolDemo/Info.plist;
				IPHONEOS_DEPLOYMENT_TARGET = 9.0;
				LD_RUNPATH_SEARCH_PATHS = (
					"$(inherited)",
					"@executable_path/Frameworks",
				);
				PRODUCT_BUNDLE_IDENTIFIER = com.gaara.TKDebugToolDemo;
				PRODUCT_NAME = "$(TARGET_NAME)";
				TARGETED_DEVICE_FAMILY = "1,2";
			};
			name = Debug;
		};
		44D80BE120E5C8B000AC681B /* Release */ = {
			isa = XCBuildConfiguration;
			baseConfigurationReference = A1F37519A7C27E3F67DBDBB9 /* Pods-TKDebugToolDemo.release.xcconfig */;
			buildSettings = {
				ASSETCATALOG_COMPILER_APPICON_NAME = AppIcon;
				CODE_SIGN_STYLE = Automatic;
				DEVELOPMENT_TEAM = PJB3LYFWDE;
				INFOPLIST_FILE = TKDebugToolDemo/Info.plist;
				IPHONEOS_DEPLOYMENT_TARGET = 9.0;
				LD_RUNPATH_SEARCH_PATHS = (
					"$(inherited)",
					"@executable_path/Frameworks",
				);
				PRODUCT_BUNDLE_IDENTIFIER = com.gaara.TKDebugToolDemo;
				PRODUCT_NAME = "$(TARGET_NAME)";
				TARGETED_DEVICE_FAMILY = "1,2";
			};
			name = Release;
		};
/* End XCBuildConfiguration section */

/* Begin XCConfigurationList section */
		44D80BC420E5C8AF00AC681B /* Build configuration list for PBXProject "TKDebugToolDemo" */ = {
			isa = XCConfigurationList;
			buildConfigurations = (
				44D80BDD20E5C8B000AC681B /* Debug */,
				44D80BDE20E5C8B000AC681B /* Release */,
			);
			defaultConfigurationIsVisible = 0;
			defaultConfigurationName = Release;
		};
		44D80BDF20E5C8B000AC681B /* Build configuration list for PBXNativeTarget "TKDebugToolDemo" */ = {
			isa = XCConfigurationList;
			buildConfigurations = (
				44D80BE020E5C8B000AC681B /* Debug */,
				44D80BE120E5C8B000AC681B /* Release */,
			);
			defaultConfigurationIsVisible = 0;
			defaultConfigurationName = Release;
		};
/* End XCConfigurationList section */
	};
	rootObject = 44D80BC120E5C8AF00AC681B /* Project object */;
}
